
Microsoft Visual Studio Solution File, Format Version 12.00
# Visual Studio Version 17
VisualStudioVersion = 17.4.33103.184
MinimumVisualStudioVersion = 10.0.40219.1
Project("{9A19103F-16F7-4668-BE54-9A1E7A4F7556}") = "IngfoPolinema.Core", "IngfoPolinema.Core\IngfoPolinema.Core.csproj", "{F32FCB31-CC86-49D7-86CD-01A102F7C87B}"
EndProject
Project("{9A19103F-16F7-4668-BE54-9A1E7A4F7556}") = "IngfoPolinema", "IngfoPolinema\IngfoPolinema.csproj", "{0E26A8DE-0F8B-425D-B5CC-DC5BABCDAB4B}"
EndProject
Project("{9A19103F-16F7-4668-BE54-9A1E7A4F7556}") = "IngfoPolinema.Services", "IngfoPolinema.Services\IngfoPolinema.Services.csproj", "{84344F12-5F26-4702-8502-F5C409250931}"
EndProject
Project("{9A19103F-16F7-4668-BE54-9A1E7A4F7556}") = "IngfoPolinema.Infrastructure", "IngfoPolinema.Infrastructure\IngfoPolinema.Infrastructure.csproj", "{6FBAAB79-4B88-4C7F-A6BC-B00B6169FD32}"
EndProject
Project("{2150E333-8FDC-42A3-9474-1A3956D46DE8}") = "Solution Items", "Solution Items", "{23F10AB4-514B-48E4-B29B-072B2D444ED5}"
	ProjectSection(SolutionItems) = preProject
		README.md = README.md
	EndProjectSection
EndProject
Global
	GlobalSection(SolutionConfigurationPlatforms) = preSolution
		Debug|Any CPU = Debug|Any CPU
		Release|Any CPU = Release|Any CPU
	EndGlobalSection
	GlobalSection(ProjectConfigurationPlatforms) = postSolution
		{F32FCB31-CC86-49D7-86CD-01A102F7C87B}.Debug|Any CPU.ActiveCfg = Debug|Any CPU
		{F32FCB31-CC86-49D7-86CD-01A102F7C87B}.Debug|Any CPU.Build.0 = Debug|Any CPU
		{F32FCB31-CC86-49D7-86CD-01A102F7C87B}.Release|Any CPU.ActiveCfg = Release|Any CPU
		{F32FCB31-CC86-49D7-86CD-01A102F7C87B}.Release|Any CPU.Build.0 = Release|Any CPU
		{0E26A8DE-0F8B-425D-B5CC-DC5BABCDAB4B}.Debug|Any CPU.ActiveCfg = Debug|Any CPU
		{0E26A8DE-0F8B-425D-B5CC-DC5BABCDAB4B}.Debug|Any CPU.Build.0 = Debug|Any CPU
		{0E26A8DE-0F8B-425D-B5CC-DC5BABCDAB4B}.Release|Any CPU.ActiveCfg = Release|Any CPU
		{0E26A8DE-0F8B-425D-B5CC-DC5BABCDAB4B}.Release|Any CPU.Build.0 = Release|Any CPU
		{84344F12-5F26-4702-8502-F5C409250931}.Debug|Any CPU.ActiveCfg = Debug|Any CPU
		{84344F12-5F26-4702-8502-F5C409250931}.Debug|Any CPU.Build.0 = Debug|Any CPU
		{84344F12-5F26-4702-8502-F5C409250931}.Release|Any CPU.ActiveCfg = Release|Any CPU
		{84344F12-5F26-4702-8502-F5C409250931}.Release|Any CPU.Build.0 = Release|Any CPU
		{6FBAAB79-4B88-4C7F-A6BC-B00B6169FD32}.Debug|Any CPU.ActiveCfg = Debug|Any CPU
		{6FBAAB79-4B88-4C7F-A6BC-B00B6169FD32}.Debug|Any CPU.Build.0 = Debug|Any CPU
		{6FBAAB79-4B88-4C7F-A6BC-B00B6169FD32}.Release|Any CPU.ActiveCfg = Release|Any CPU
		{6FBAAB79-4B88-4C7F-A6BC-B00B6169FD32}.Release|Any CPU.Build.0 = Release|Any CPU
	EndGlobalSection
	GlobalSection(SolutionProperties) = preSolution
		HideSolutionNode = FALSE
	EndGlobalSection
	GlobalSection(ExtensibilityGlobals) = postSolution
		SolutionGuid = {FFC87F0B-2CC9-4A37-B4E5-99E124CE4277}
	EndGlobalSection
EndGlobal
