
Microsoft Visual Studio Solution File, Format Version 12.00
# Visual Studio Version 17
VisualStudioVersion = 17.4.33103.184
MinimumVisualStudioVersion = 10.0.40219.1
Project("{FAE04EC0-301F-11D3-BF4B-00C04F79EFBC}") = "IngfoPolinema.Core", "Core\IngfoPolinema.Core.csproj", "{F32FCB31-CC86-49D7-86CD-01A102F7C87B}"
EndProject
Global
	GlobalSection(SolutionConfigurationPlatforms) = preSolution
		Debug|Any CPU = Debug|Any CPU
		Release|Any CPU = Release|Any CPU
	EndGlobalSection
	GlobalSection(ProjectConfigurationPlatforms) = postSolution
		{F32FCB31-CC86-49D7-86CD-01A102F7C87B}.Debug|Any CPU.ActiveCfg = Debug|Any CPU
		{F32FCB31-CC86-49D7-86CD-01A102F7C87B}.Debug|Any CPU.Build.0 = Debug|Any CPU
		{F32FCB31-CC86-49D7-86CD-01A102F7C87B}.Release|Any CPU.ActiveCfg = Release|Any CPU
		{F32FCB31-CC86-49D7-86CD-01A102F7C87B}.Release|Any CPU.Build.0 = Release|Any CPU
	EndGlobalSection
	GlobalSection(SolutionProperties) = preSolution
		HideSolutionNode = FALSE
	EndGlobalSection
	GlobalSection(ExtensibilityGlobals) = postSolution
		SolutionGuid = {FFC87F0B-2CC9-4A37-B4E5-99E124CE4277}
	EndGlobalSection
EndGlobal
